
Microsoft Visual Studio Solution File, Format Version 12.00
# Visual Studio Version 17
VisualStudioVersion = 17.3.32929.385
MinimumVisualStudioVersion = 10.0.40219.1
Project("{FAE04EC0-301F-11D3-BF4B-00C04F79EFBC}") = "Hesaplama", "Hesaplama\Hesaplama.csproj", "{B18D3DFD-139B-4786-853A-8195DE22EDF0}"
EndProject
Project("{FAE04EC0-301F-11D3-BF4B-00C04F79EFBC}") = "TestHesapla", "TestHesapla\TestHesapla.csproj", "{969BC683-8962-4BDC-AC9D-70EBAB3C5E49}"
EndProject
Global
	GlobalSection(SolutionConfigurationPlatforms) = preSolution
		Debug|Any CPU = Debug|Any CPU
		Release|Any CPU = Release|Any CPU
	EndGlobalSection
	GlobalSection(ProjectConfigurationPlatforms) = postSolution
		{B18D3DFD-139B-4786-853A-8195DE22EDF0}.Debug|Any CPU.ActiveCfg = Debug|Any CPU
		{B18D3DFD-139B-4786-853A-8195DE22EDF0}.Debug|Any CPU.Build.0 = Debug|Any CPU
		{B18D3DFD-139B-4786-853A-8195DE22EDF0}.Release|Any CPU.ActiveCfg = Release|Any CPU
		{B18D3DFD-139B-4786-853A-8195DE22EDF0}.Release|Any CPU.Build.0 = Release|Any CPU
		{969BC683-8962-4BDC-AC9D-70EBAB3C5E49}.Debug|Any CPU.ActiveCfg = Debug|Any CPU
		{969BC683-8962-4BDC-AC9D-70EBAB3C5E49}.Debug|Any CPU.Build.0 = Debug|Any CPU
		{969BC683-8962-4BDC-AC9D-70EBAB3C5E49}.Release|Any CPU.ActiveCfg = Release|Any CPU
		{969BC683-8962-4BDC-AC9D-70EBAB3C5E49}.Release|Any CPU.Build.0 = Release|Any CPU
	EndGlobalSection
	GlobalSection(SolutionProperties) = preSolution
		HideSolutionNode = FALSE
	EndGlobalSection
	GlobalSection(ExtensibilityGlobals) = postSolution
		SolutionGuid = {3D608904-E4F6-42B6-BE1F-833C0ACB3FBC}
	EndGlobalSection
EndGlobal
